
Microsoft Visual Studio Solution File, Format Version 12.00
Project("{FAE04EC0-301F-11D3-BF4B-00C04F79EFBC}") = "claimer", "claimer\claimer.csproj", "{74ADE02E-D4D7-43D0-8333-250C243EA15E}"
EndProject
Global
	GlobalSection(SolutionConfigurationPlatforms) = preSolution
		Debug|Any CPU = Debug|Any CPU
		Release|Any CPU = Release|Any CPU
	EndGlobalSection
	GlobalSection(ProjectConfigurationPlatforms) = postSolution
		{74ADE02E-D4D7-43D0-8333-250C243EA15E}.Debug|Any CPU.ActiveCfg = Debug|Any CPU
		{74ADE02E-D4D7-43D0-8333-250C243EA15E}.Debug|Any CPU.Build.0 = Debug|Any CPU
		{74ADE02E-D4D7-43D0-8333-250C243EA15E}.Release|Any CPU.ActiveCfg = Release|Any CPU
		{74ADE02E-D4D7-43D0-8333-250C243EA15E}.Release|Any CPU.Build.0 = Release|Any CPU
	EndGlobalSection
EndGlobal
